
Microsoft Visual Studio Solution File, Format Version 12.00
# Visual Studio Version 17
VisualStudioVersion = 17.0.31903.59
MinimumVisualStudioVersion = 10.0.40219.1
Project("{FAE04EC0-301F-11D3-BF4B-00C04F79EFBC}") = "BasicInheritance", "BasicInheritance\BasicInheritance.csproj", "{413ADF81-8F12-4B08-BA83-CB7138F66958}"
EndProject
Project("{FAE04EC0-301F-11D3-BF4B-00C04F79EFBC}") = "Employees", "Employees\Employees.csproj", "{1E9D500F-77E0-4FC7-A678-DA21C4516CA6}"
EndProject
Global
	GlobalSection(SolutionConfigurationPlatforms) = preSolution
		Debug|Any CPU = Debug|Any CPU
		Release|Any CPU = Release|Any CPU
	EndGlobalSection
	GlobalSection(SolutionProperties) = preSolution
		HideSolutionNode = FALSE
	EndGlobalSection
	GlobalSection(ProjectConfigurationPlatforms) = postSolution
		{413ADF81-8F12-4B08-BA83-CB7138F66958}.Debug|Any CPU.ActiveCfg = Debug|Any CPU
		{413ADF81-8F12-4B08-BA83-CB7138F66958}.Debug|Any CPU.Build.0 = Debug|Any CPU
		{413ADF81-8F12-4B08-BA83-CB7138F66958}.Release|Any CPU.ActiveCfg = Release|Any CPU
		{413ADF81-8F12-4B08-BA83-CB7138F66958}.Release|Any CPU.Build.0 = Release|Any CPU
		{1E9D500F-77E0-4FC7-A678-DA21C4516CA6}.Debug|Any CPU.ActiveCfg = Debug|Any CPU
		{1E9D500F-77E0-4FC7-A678-DA21C4516CA6}.Debug|Any CPU.Build.0 = Debug|Any CPU
		{1E9D500F-77E0-4FC7-A678-DA21C4516CA6}.Release|Any CPU.ActiveCfg = Release|Any CPU
		{1E9D500F-77E0-4FC7-A678-DA21C4516CA6}.Release|Any CPU.Build.0 = Release|Any CPU
	EndGlobalSection
EndGlobal
