Microsoft Visual Studio Solution File, Format Version 12.00
# Visual Studio Version 17
VisualStudioVersion = 17.5.2.0
MinimumVisualStudioVersion = 10.0.40219.1
Project("{FAE04EC0-301F-11D3-BF4B-00C04F79EFBC}") = "BasicInheritance", "BasicInheritance.csproj", "{55A5049A-307C-E456-7073-3E90B28A8BD5}"
EndProject
Global
	GlobalSection(SolutionConfigurationPlatforms) = preSolution
		Debug|Any CPU = Debug|Any CPU
		Release|Any CPU = Release|Any CPU
	EndGlobalSection
	GlobalSection(ProjectConfigurationPlatforms) = postSolution
		{55A5049A-307C-E456-7073-3E90B28A8BD5}.Debug|Any CPU.ActiveCfg = Debug|Any CPU
		{55A5049A-307C-E456-7073-3E90B28A8BD5}.Debug|Any CPU.Build.0 = Debug|Any CPU
		{55A5049A-307C-E456-7073-3E90B28A8BD5}.Release|Any CPU.ActiveCfg = Release|Any CPU
		{55A5049A-307C-E456-7073-3E90B28A8BD5}.Release|Any CPU.Build.0 = Release|Any CPU
	EndGlobalSection
	GlobalSection(SolutionProperties) = preSolution
		HideSolutionNode = FALSE
	EndGlobalSection
	GlobalSection(ExtensibilityGlobals) = postSolution
		SolutionGuid = {01EE9F33-5C4D-41C2-87A1-FFEF69608402}
	EndGlobalSection
EndGlobal
